{
  "name": "axolotl-inc.github.io",
  "lockfileVersion": 2,
  "requires": true,
  "packages": {
    "": {
      "dependencies": {
        "ts-pattern": "^4.0.4"
      }
    },
    "node_modules/ts-pattern": {
      "version": "4.0.4",
      "resolved": "https://registry.npmjs.org/ts-pattern/-/ts-pattern-4.0.4.tgz",
      "integrity": "sha512-gDKHf3T+4X2w5k5IpD4FQ6P5b0LRYW7sJdf/yG7uAdxKitgk2Z8UZLdSBjrXs5mI0Vq6E/hRQd6+Kh3FbdjBzw=="
    }
  },
  "dependencies": {
    "ts-pattern": {
      "version": "4.0.4",
      "resolved": "https://registry.npmjs.org/ts-pattern/-/ts-pattern-4.0.4.tgz",
      "integrity": "sha512-gDKHf3T+4X2w5k5IpD4FQ6P5b0LRYW7sJdf/yG7uAdxKitgk2Z8UZLdSBjrXs5mI0Vq6E/hRQd6+Kh3FbdjBzw=="
    }
  }
}
